
Microsoft Visual Studio Solution File, Format Version 12.00
# Visual Studio Version 17
VisualStudioVersion = 17.0.31903.59
MinimumVisualStudioVersion = 10.0.40219.1
Project("{FAE04EC0-301F-11D3-BF4B-00C04F79EFBC}") = "Merge.Domain", "Merge.Domain\Merge.Domain.csproj", "{0EFF702C-1CCE-4EFD-A879-82AE8CFAB811}"
EndProject
Project("{FAE04EC0-301F-11D3-BF4B-00C04F79EFBC}") = "Merge.Application", "Merge.Application\Merge.Application.csproj", "{0C7ACFA1-0FBD-4948-8F29-DA551977F3A6}"
EndProject
Project("{FAE04EC0-301F-11D3-BF4B-00C04F79EFBC}") = "Merge.Infrastructure", "Merge.Infrastructure\Merge.Infrastructure.csproj", "{B5B618CC-D41F-4079-A357-A1CDECA0594D}"
EndProject
Project("{FAE04EC0-301F-11D3-BF4B-00C04F79EFBC}") = "Merge.API", "Merge.API\Merge.API.csproj", "{AB4E804C-71D6-4F99-A315-4AB22130EC04}"
EndProject
Project("{FAE04EC0-301F-11D3-BF4B-00C04F79EFBC}") = "Merge.Tests", "Merge.Tests\Merge.Tests.csproj", "{E5F7C8D3-9A2B-4E1F-8C6D-7B3A2E1F9D4C}"
EndProject
Global
	GlobalSection(SolutionConfigurationPlatforms) = preSolution
		Debug|Any CPU = Debug|Any CPU
		Debug|x64 = Debug|x64
		Debug|x86 = Debug|x86
		Release|Any CPU = Release|Any CPU
		Release|x64 = Release|x64
		Release|x86 = Release|x86
	EndGlobalSection
	GlobalSection(ProjectConfigurationPlatforms) = postSolution
		{0EFF702C-1CCE-4EFD-A879-82AE8CFAB811}.Debug|Any CPU.ActiveCfg = Debug|Any CPU
		{0EFF702C-1CCE-4EFD-A879-82AE8CFAB811}.Debug|Any CPU.Build.0 = Debug|Any CPU
		{0EFF702C-1CCE-4EFD-A879-82AE8CFAB811}.Debug|x64.ActiveCfg = Debug|Any CPU
		{0EFF702C-1CCE-4EFD-A879-82AE8CFAB811}.Debug|x64.Build.0 = Debug|Any CPU
		{0EFF702C-1CCE-4EFD-A879-82AE8CFAB811}.Debug|x86.ActiveCfg = Debug|Any CPU
		{0EFF702C-1CCE-4EFD-A879-82AE8CFAB811}.Debug|x86.Build.0 = Debug|Any CPU
		{0EFF702C-1CCE-4EFD-A879-82AE8CFAB811}.Release|Any CPU.ActiveCfg = Release|Any CPU
		{0EFF702C-1CCE-4EFD-A879-82AE8CFAB811}.Release|Any CPU.Build.0 = Release|Any CPU
		{0EFF702C-1CCE-4EFD-A879-82AE8CFAB811}.Release|x64.ActiveCfg = Release|Any CPU
		{0EFF702C-1CCE-4EFD-A879-82AE8CFAB811}.Release|x64.Build.0 = Release|Any CPU
		{0EFF702C-1CCE-4EFD-A879-82AE8CFAB811}.Release|x86.ActiveCfg = Release|Any CPU
		{0EFF702C-1CCE-4EFD-A879-82AE8CFAB811}.Release|x86.Build.0 = Release|Any CPU
		{0C7ACFA1-0FBD-4948-8F29-DA551977F3A6}.Debug|Any CPU.ActiveCfg = Debug|Any CPU
		{0C7ACFA1-0FBD-4948-8F29-DA551977F3A6}.Debug|Any CPU.Build.0 = Debug|Any CPU
		{0C7ACFA1-0FBD-4948-8F29-DA551977F3A6}.Debug|x64.ActiveCfg = Debug|Any CPU
		{0C7ACFA1-0FBD-4948-8F29-DA551977F3A6}.Debug|x64.Build.0 = Debug|Any CPU
		{0C7ACFA1-0FBD-4948-8F29-DA551977F3A6}.Debug|x86.ActiveCfg = Debug|Any CPU
		{0C7ACFA1-0FBD-4948-8F29-DA551977F3A6}.Debug|x86.Build.0 = Debug|Any CPU
		{0C7ACFA1-0FBD-4948-8F29-DA551977F3A6}.Release|Any CPU.ActiveCfg = Release|Any CPU
		{0C7ACFA1-0FBD-4948-8F29-DA551977F3A6}.Release|Any CPU.Build.0 = Release|Any CPU
		{0C7ACFA1-0FBD-4948-8F29-DA551977F3A6}.Release|x64.ActiveCfg = Release|Any CPU
		{0C7ACFA1-0FBD-4948-8F29-DA551977F3A6}.Release|x64.Build.0 = Release|Any CPU
		{0C7ACFA1-0FBD-4948-8F29-DA551977F3A6}.Release|x86.ActiveCfg = Release|Any CPU
		{0C7ACFA1-0FBD-4948-8F29-DA551977F3A6}.Release|x86.Build.0 = Release|Any CPU
		{B5B618CC-D41F-4079-A357-A1CDECA0594D}.Debug|Any CPU.ActiveCfg = Debug|Any CPU
		{B5B618CC-D41F-4079-A357-A1CDECA0594D}.Debug|Any CPU.Build.0 = Debug|Any CPU
		{B5B618CC-D41F-4079-A357-A1CDECA0594D}.Debug|x64.ActiveCfg = Debug|Any CPU
		{B5B618CC-D41F-4079-A357-A1CDECA0594D}.Debug|x64.Build.0 = Debug|Any CPU
		{B5B618CC-D41F-4079-A357-A1CDECA0594D}.Debug|x86.ActiveCfg = Debug|Any CPU
		{B5B618CC-D41F-4079-A357-A1CDECA0594D}.Debug|x86.Build.0 = Debug|Any CPU
		{B5B618CC-D41F-4079-A357-A1CDECA0594D}.Release|Any CPU.ActiveCfg = Release|Any CPU
		{B5B618CC-D41F-4079-A357-A1CDECA0594D}.Release|Any CPU.Build.0 = Release|Any CPU
		{B5B618CC-D41F-4079-A357-A1CDECA0594D}.Release|x64.ActiveCfg = Release|Any CPU
		{B5B618CC-D41F-4079-A357-A1CDECA0594D}.Release|x64.Build.0 = Release|Any CPU
		{B5B618CC-D41F-4079-A357-A1CDECA0594D}.Release|x86.ActiveCfg = Release|Any CPU
		{B5B618CC-D41F-4079-A357-A1CDECA0594D}.Release|x86.Build.0 = Release|Any CPU
		{AB4E804C-71D6-4F99-A315-4AB22130EC04}.Debug|Any CPU.ActiveCfg = Debug|Any CPU
		{AB4E804C-71D6-4F99-A315-4AB22130EC04}.Debug|Any CPU.Build.0 = Debug|Any CPU
		{AB4E804C-71D6-4F99-A315-4AB22130EC04}.Debug|x64.ActiveCfg = Debug|Any CPU
		{AB4E804C-71D6-4F99-A315-4AB22130EC04}.Debug|x64.Build.0 = Debug|Any CPU
		{AB4E804C-71D6-4F99-A315-4AB22130EC04}.Debug|x86.ActiveCfg = Debug|Any CPU
		{AB4E804C-71D6-4F99-A315-4AB22130EC04}.Debug|x86.Build.0 = Debug|Any CPU
		{AB4E804C-71D6-4F99-A315-4AB22130EC04}.Release|Any CPU.ActiveCfg = Release|Any CPU
		{AB4E804C-71D6-4F99-A315-4AB22130EC04}.Release|Any CPU.Build.0 = Release|Any CPU
		{AB4E804C-71D6-4F99-A315-4AB22130EC04}.Release|x64.ActiveCfg = Release|Any CPU
		{AB4E804C-71D6-4F99-A315-4AB22130EC04}.Release|x64.Build.0 = Release|Any CPU
		{AB4E804C-71D6-4F99-A315-4AB22130EC04}.Release|x86.ActiveCfg = Release|Any CPU
		{AB4E804C-71D6-4F99-A315-4AB22130EC04}.Release|x86.Build.0 = Release|Any CPU
		{E5F7C8D3-9A2B-4E1F-8C6D-7B3A2E1F9D4C}.Debug|Any CPU.ActiveCfg = Debug|Any CPU
		{E5F7C8D3-9A2B-4E1F-8C6D-7B3A2E1F9D4C}.Debug|Any CPU.Build.0 = Debug|Any CPU
		{E5F7C8D3-9A2B-4E1F-8C6D-7B3A2E1F9D4C}.Debug|x64.ActiveCfg = Debug|Any CPU
		{E5F7C8D3-9A2B-4E1F-8C6D-7B3A2E1F9D4C}.Debug|x64.Build.0 = Debug|Any CPU
		{E5F7C8D3-9A2B-4E1F-8C6D-7B3A2E1F9D4C}.Debug|x86.ActiveCfg = Debug|Any CPU
		{E5F7C8D3-9A2B-4E1F-8C6D-7B3A2E1F9D4C}.Debug|x86.Build.0 = Debug|Any CPU
		{E5F7C8D3-9A2B-4E1F-8C6D-7B3A2E1F9D4C}.Release|Any CPU.ActiveCfg = Release|Any CPU
		{E5F7C8D3-9A2B-4E1F-8C6D-7B3A2E1F9D4C}.Release|Any CPU.Build.0 = Release|Any CPU
		{E5F7C8D3-9A2B-4E1F-8C6D-7B3A2E1F9D4C}.Release|x64.ActiveCfg = Release|Any CPU
		{E5F7C8D3-9A2B-4E1F-8C6D-7B3A2E1F9D4C}.Release|x64.Build.0 = Release|Any CPU
		{E5F7C8D3-9A2B-4E1F-8C6D-7B3A2E1F9D4C}.Release|x86.ActiveCfg = Release|Any CPU
		{E5F7C8D3-9A2B-4E1F-8C6D-7B3A2E1F9D4C}.Release|x86.Build.0 = Release|Any CPU
	EndGlobalSection
	GlobalSection(SolutionProperties) = preSolution
		HideSolutionNode = FALSE
	EndGlobalSection
EndGlobal
